
Microsoft Visual Studio Solution File, Format Version 12.00
# Visual Studio 15
VisualStudioVersion = 15.0.28307.902
MinimumVisualStudioVersion = 10.0.40219.1
Project("{9A19103F-16F7-4668-BE54-9A1E7A4F7556}") = "JWTSandbox.Authentication.API", "JWTSandbox.Authentication.API\JWTSandbox.Authentication.API.csproj", "{E51F0A6A-DE28-4F70-9B05-EC2A7C51097F}"
EndProject
Project("{9A19103F-16F7-4668-BE54-9A1E7A4F7556}") = "JWTSandbox.Audience.API", "JWTSandbox.Audience.API\JWTSandbox.Audience.API.csproj", "{D9B572B5-9424-4099-A909-4028891E0817}"
EndProject
Global
	GlobalSection(SolutionConfigurationPlatforms) = preSolution
		Debug|Any CPU = Debug|Any CPU
		Release|Any CPU = Release|Any CPU
	EndGlobalSection
	GlobalSection(ProjectConfigurationPlatforms) = postSolution
		{E51F0A6A-DE28-4F70-9B05-EC2A7C51097F}.Debug|Any CPU.ActiveCfg = Debug|Any CPU
		{E51F0A6A-DE28-4F70-9B05-EC2A7C51097F}.Debug|Any CPU.Build.0 = Debug|Any CPU
		{E51F0A6A-DE28-4F70-9B05-EC2A7C51097F}.Release|Any CPU.ActiveCfg = Release|Any CPU
		{E51F0A6A-DE28-4F70-9B05-EC2A7C51097F}.Release|Any CPU.Build.0 = Release|Any CPU
		{D9B572B5-9424-4099-A909-4028891E0817}.Debug|Any CPU.ActiveCfg = Debug|Any CPU
		{D9B572B5-9424-4099-A909-4028891E0817}.Debug|Any CPU.Build.0 = Debug|Any CPU
		{D9B572B5-9424-4099-A909-4028891E0817}.Release|Any CPU.ActiveCfg = Release|Any CPU
		{D9B572B5-9424-4099-A909-4028891E0817}.Release|Any CPU.Build.0 = Release|Any CPU
	EndGlobalSection
	GlobalSection(SolutionProperties) = preSolution
		HideSolutionNode = FALSE
	EndGlobalSection
	GlobalSection(ExtensibilityGlobals) = postSolution
		SolutionGuid = {3BB7FAF1-D7DD-4CBC-8BC3-2377ACCCD407}
	EndGlobalSection
EndGlobal
